
Microsoft Visual Studio Solution File, Format Version 12.00
# Visual Studio Version 17
VisualStudioVersion = 17.0.32126.317
MinimumVisualStudioVersion = 10.0.40219.1
Project("{FAE04EC0-301F-11D3-BF4B-00C04F79EFBC}") = "yanproje", "yanproje\yanproje.csproj", "{D52346A2-2266-4239-9A5D-58796196B7E4}"
EndProject
Global
	GlobalSection(SolutionConfigurationPlatforms) = preSolution
		Debug|Any CPU = Debug|Any CPU
		Release|Any CPU = Release|Any CPU
	EndGlobalSection
	GlobalSection(ProjectConfigurationPlatforms) = postSolution
		{D52346A2-2266-4239-9A5D-58796196B7E4}.Debug|Any CPU.ActiveCfg = Debug|Any CPU
		{D52346A2-2266-4239-9A5D-58796196B7E4}.Debug|Any CPU.Build.0 = Debug|Any CPU
		{D52346A2-2266-4239-9A5D-58796196B7E4}.Release|Any CPU.ActiveCfg = Release|Any CPU
		{D52346A2-2266-4239-9A5D-58796196B7E4}.Release|Any CPU.Build.0 = Release|Any CPU
	EndGlobalSection
	GlobalSection(SolutionProperties) = preSolution
		HideSolutionNode = FALSE
	EndGlobalSection
	GlobalSection(ExtensibilityGlobals) = postSolution
		SolutionGuid = {2873FB5A-AF12-4F24-99B1-6CCF4BB9AB05}
	EndGlobalSection
EndGlobal
